
Microsoft Visual Studio Solution File, Format Version 12.00
# Visual Studio Version 17
VisualStudioVersion = 17.11.35312.102
MinimumVisualStudioVersion = 10.0.40219.1
Project("{9A19103F-16F7-4668-BE54-9A1E7A4F7556}") = "PGTA_Second_Project", "PGTA_Second_Project\PGTA_Second_Project.csproj", "{AEBC492D-2EEC-4C38-A330-866E1DD2C3C7}"
EndProject
Project("{54435603-DBB4-11D2-8724-00A0C9A8B90C}") = "DecoderASTERIX048", "DecoderASTERIX048\DecoderASTERIX048.vdproj", "{F9E378A1-8D78-4971-AFD5-8739E50355FC}"
EndProject
Global
	GlobalSection(SolutionConfigurationPlatforms) = preSolution
		Debug|Any CPU = Debug|Any CPU
		Release|Any CPU = Release|Any CPU
	EndGlobalSection
	GlobalSection(ProjectConfigurationPlatforms) = postSolution
		{AEBC492D-2EEC-4C38-A330-866E1DD2C3C7}.Debug|Any CPU.ActiveCfg = Debug|Any CPU
		{AEBC492D-2EEC-4C38-A330-866E1DD2C3C7}.Debug|Any CPU.Build.0 = Debug|Any CPU
		{AEBC492D-2EEC-4C38-A330-866E1DD2C3C7}.Release|Any CPU.ActiveCfg = Release|Any CPU
		{AEBC492D-2EEC-4C38-A330-866E1DD2C3C7}.Release|Any CPU.Build.0 = Release|Any CPU
		{F9E378A1-8D78-4971-AFD5-8739E50355FC}.Debug|Any CPU.ActiveCfg = Debug
		{F9E378A1-8D78-4971-AFD5-8739E50355FC}.Release|Any CPU.ActiveCfg = Release
	EndGlobalSection
	GlobalSection(SolutionProperties) = preSolution
		HideSolutionNode = FALSE
	EndGlobalSection
	GlobalSection(ExtensibilityGlobals) = postSolution
		SolutionGuid = {D3BBC78B-CEA7-4739-8FCF-C7266A3282AD}
	EndGlobalSection
EndGlobal
